// !$*UTF8*$!
{
	archiveVersion = 1;
	classes = {
	};
	objectVersion = 50;
	objects = {

/* Begin PBXBuildFile section */
		61160BAF237236D800A15123 /* AppDelegate.swift in Sources */ = {isa = PBXBuildFile; fileRef = 61160BAE237236D800A15123 /* AppDelegate.swift */; };
		61160BB1237236D800A15123 /* SceneDelegate.swift in Sources */ = {isa = PBXBuildFile; fileRef = 61160BB0237236D800A15123 /* SceneDelegate.swift */; };
		61160BB3237236D800A15123 /* ViewController.swift in Sources */ = {isa = PBXBuildFile; fileRef = 61160BB2237236D800A15123 /* ViewController.swift */; };
		61160BB6237236D800A15123 /* Main.storyboard in Resources */ = {isa = PBXBuildFile; fileRef = 61160BB4237236D800A15123 /* Main.storyboard */; };
		61160BB8237236DC00A15123 /* Assets.xcassets in Resources */ = {isa = PBXBuildFile; fileRef = 61160BB7237236DC00A15123 /* Assets.xcassets */; };
		61160BBB237236DC00A15123 /* LaunchScreen.storyboard in Resources */ = {isa = PBXBuildFile; fileRef = 61160BB9237236DC00A15123 /* LaunchScreen.storyboard */; };
		61160BC42372372B00A15123 /* Utils.swift in Sources */ = {isa = PBXBuildFile; fileRef = 61160BC32372372B00A15123 /* Utils.swift */; };
		61160BC62372376600A15123 /* CalendarViewController.swift in Sources */ = {isa = PBXBuildFile; fileRef = 61160BC52372376600A15123 /* CalendarViewController.swift */; };
		61160BC92372379E00A15123 /* WeekDayCell.swift in Sources */ = {isa = PBXBuildFile; fileRef = 61160BC82372379E00A15123 /* WeekDayCell.swift */; };
		61160BCB237237BF00A15123 /* AvailableScheduleCell.swift in Sources */ = {isa = PBXBuildFile; fileRef = 61160BCA237237BF00A15123 /* AvailableScheduleCell.swift */; };
		61160BCD2372382500A15123 /* MonthHeaderView.swift in Sources */ = {isa = PBXBuildFile; fileRef = 61160BCC2372382500A15123 /* MonthHeaderView.swift */; };
		61160BD223749C4C00A15123 /* SelectedSchedulesView.swift in Sources */ = {isa = PBXBuildFile; fileRef = 61160BD123749C4C00A15123 /* SelectedSchedulesView.swift */; };
		61160BD52374A13300A15123 /* SelectedScheduleCollectionViewCell.swift in Sources */ = {isa = PBXBuildFile; fileRef = 61160BD42374A13300A15123 /* SelectedScheduleCollectionViewCell.swift */; };
		61A7F94C23788FC400B81606 /* CalendarView.swift in Sources */ = {isa = PBXBuildFile; fileRef = 61A7F94B23788FC400B81606 /* CalendarView.swift */; };
/* End PBXBuildFile section */

/* Begin PBXFileReference section */
		61160BAB237236D800A15123 /* CalendarComponent.app */ = {isa = PBXFileReference; explicitFileType = wrapper.application; includeInIndex = 0; path = CalendarComponent.app; sourceTree = BUILT_PRODUCTS_DIR; };
		61160BAE237236D800A15123 /* AppDelegate.swift */ = {isa = PBXFileReference; lastKnownFileType = sourcecode.swift; path = AppDelegate.swift; sourceTree = "<group>"; };
		61160BB0237236D800A15123 /* SceneDelegate.swift */ = {isa = PBXFileReference; lastKnownFileType = sourcecode.swift; path = SceneDelegate.swift; sourceTree = "<group>"; };
		61160BB2237236D800A15123 /* ViewController.swift */ = {isa = PBXFileReference; lastKnownFileType = sourcecode.swift; path = ViewController.swift; sourceTree = "<group>"; };
		61160BB5237236D800A15123 /* Base */ = {isa = PBXFileReference; lastKnownFileType = file.storyboard; name = Base; path = Base.lproj/Main.storyboard; sourceTree = "<group>"; };
		61160BB7237236DC00A15123 /* Assets.xcassets */ = {isa = PBXFileReference; lastKnownFileType = folder.assetcatalog; path = Assets.xcassets; sourceTree = "<group>"; };
		61160BBA237236DC00A15123 /* Base */ = {isa = PBXFileReference; lastKnownFileType = file.storyboard; name = Base; path = Base.lproj/LaunchScreen.storyboard; sourceTree = "<group>"; };
		61160BBC237236DC00A15123 /* Info.plist */ = {isa = PBXFileReference; lastKnownFileType = text.plist.xml; path = Info.plist; sourceTree = "<group>"; };
		61160BC32372372B00A15123 /* Utils.swift */ = {isa = PBXFileReference; lastKnownFileType = sourcecode.swift; path = Utils.swift; sourceTree = "<group>"; };
		61160BC52372376600A15123 /* CalendarViewController.swift */ = {isa = PBXFileReference; lastKnownFileType = sourcecode.swift; path = CalendarViewController.swift; sourceTree = "<group>"; };
		61160BC82372379E00A15123 /* WeekDayCell.swift */ = {isa = PBXFileReference; lastKnownFileType = sourcecode.swift; path = WeekDayCell.swift; sourceTree = "<group>"; };
		61160BCA237237BF00A15123 /* AvailableScheduleCell.swift */ = {isa = PBXFileReference; lastKnownFileType = sourcecode.swift; path = AvailableScheduleCell.swift; sourceTree = "<group>"; };
		61160BCC2372382500A15123 /* MonthHeaderView.swift */ = {isa = PBXFileReference; lastKnownFileType = sourcecode.swift; path = MonthHeaderView.swift; sourceTree = "<group>"; };
		61160BD123749C4C00A15123 /* SelectedSchedulesView.swift */ = {isa = PBXFileReference; lastKnownFileType = sourcecode.swift; path = SelectedSchedulesView.swift; sourceTree = "<group>"; };
		61160BD42374A13300A15123 /* SelectedScheduleCollectionViewCell.swift */ = {isa = PBXFileReference; lastKnownFileType = sourcecode.swift; path = SelectedScheduleCollectionViewCell.swift; sourceTree = "<group>"; };
		61A7F94B23788FC400B81606 /* CalendarView.swift */ = {isa = PBXFileReference; lastKnownFileType = sourcecode.swift; path = CalendarView.swift; sourceTree = "<group>"; };
/* End PBXFileReference section */

/* Begin PBXFrameworksBuildPhase section */
		61160BA8237236D800A15123 /* Frameworks */ = {
			isa = PBXFrameworksBuildPhase;
			buildActionMask = 2147483647;
			files = (
			);
			runOnlyForDeploymentPostprocessing = 0;
		};
/* End PBXFrameworksBuildPhase section */

/* Begin PBXGroup section */
		61160BA2237236D800A15123 = {
			isa = PBXGroup;
			children = (
				61160BAD237236D800A15123 /* CalendarComponent */,
				61160BAC237236D800A15123 /* Products */,
			);
			sourceTree = "<group>";
		};
		61160BAC237236D800A15123 /* Products */ = {
			isa = PBXGroup;
			children = (
				61160BAB237236D800A15123 /* CalendarComponent.app */,
			);
			name = Products;
			sourceTree = "<group>";
		};
		61160BAD237236D800A15123 /* CalendarComponent */ = {
			isa = PBXGroup;
			children = (
				61160BC72372378000A15123 /* Views */,
				61160BC22372371000A15123 /* ViewControllers */,
				61160BAE237236D800A15123 /* AppDelegate.swift */,
				61160BB0237236D800A15123 /* SceneDelegate.swift */,
				61160BB2237236D800A15123 /* ViewController.swift */,
				61160BB4237236D800A15123 /* Main.storyboard */,
				61160BB7237236DC00A15123 /* Assets.xcassets */,
				61160BB9237236DC00A15123 /* LaunchScreen.storyboard */,
				61160BBC237236DC00A15123 /* Info.plist */,
				61160BC32372372B00A15123 /* Utils.swift */,
			);
			path = CalendarComponent;
			sourceTree = "<group>";
		};
		61160BC22372371000A15123 /* ViewControllers */ = {
			isa = PBXGroup;
			children = (
				61160BC52372376600A15123 /* CalendarViewController.swift */,
			);
			path = ViewControllers;
			sourceTree = "<group>";
		};
		61160BC72372378000A15123 /* Views */ = {
			isa = PBXGroup;
			children = (
				61160BD32374A11900A15123 /* Cells */,
				61160BCC2372382500A15123 /* MonthHeaderView.swift */,
				61160BD123749C4C00A15123 /* SelectedSchedulesView.swift */,
				61A7F94B23788FC400B81606 /* CalendarView.swift */,
			);
			path = Views;
			sourceTree = "<group>";
		};
		61160BD32374A11900A15123 /* Cells */ = {
			isa = PBXGroup;
			children = (
				61160BC82372379E00A15123 /* WeekDayCell.swift */,
				61160BCA237237BF00A15123 /* AvailableScheduleCell.swift */,
				61160BD42374A13300A15123 /* SelectedScheduleCollectionViewCell.swift */,
			);
			path = Cells;
			sourceTree = "<group>";
		};
/* End PBXGroup section */

/* Begin PBXNativeTarget section */
		61160BAA237236D800A15123 /* CalendarComponent */ = {
			isa = PBXNativeTarget;
			buildConfigurationList = 61160BBF237236DC00A15123 /* Build configuration list for PBXNativeTarget "CalendarComponent" */;
			buildPhases = (
				61160BA7237236D800A15123 /* Sources */,
				61160BA8237236D800A15123 /* Frameworks */,
				61160BA9237236D800A15123 /* Resources */,
			);
			buildRules = (
			);
			dependencies = (
			);
			name = CalendarComponent;
			productName = CalendarComponent;
			productReference = 61160BAB237236D800A15123 /* CalendarComponent.app */;
			productType = "com.apple.product-type.application";
		};
/* End PBXNativeTarget section */

/* Begin PBXProject section */
		61160BA3237236D800A15123 /* Project object */ = {
			isa = PBXProject;
			attributes = {
				LastSwiftUpdateCheck = 1110;
				LastUpgradeCheck = 1110;
				ORGANIZATIONNAME = a7x;
				TargetAttributes = {
					61160BAA237236D800A15123 = {
						CreatedOnToolsVersion = 11.1;
					};
				};
			};
			buildConfigurationList = 61160BA6237236D800A15123 /* Build configuration list for PBXProject "CalendarComponent" */;
			compatibilityVersion = "Xcode 9.3";
			developmentRegion = en;
			hasScannedForEncodings = 0;
			knownRegions = (
				en,
				Base,
			);
			mainGroup = 61160BA2237236D800A15123;
			productRefGroup = 61160BAC237236D800A15123 /* Products */;
			projectDirPath = "";
			projectRoot = "";
			targets = (
				61160BAA237236D800A15123 /* CalendarComponent */,
			);
		};
/* End PBXProject section */

/* Begin PBXResourcesBuildPhase section */
		61160BA9237236D800A15123 /* Resources */ = {
			isa = PBXResourcesBuildPhase;
			buildActionMask = 2147483647;
			files = (
				61160BBB237236DC00A15123 /* LaunchScreen.storyboard in Resources */,
				61160BB8237236DC00A15123 /* Assets.xcassets in Resources */,
				61160BB6237236D800A15123 /* Main.storyboard in Resources */,
			);
			runOnlyForDeploymentPostprocessing = 0;
		};
/* End PBXResourcesBuildPhase section */

/* Begin PBXSourcesBuildPhase section */
		61160BA7237236D800A15123 /* Sources */ = {
			isa = PBXSourcesBuildPhase;
			buildActionMask = 2147483647;
			files = (
				61160BCB237237BF00A15123 /* AvailableScheduleCell.swift in Sources */,
				61160BC62372376600A15123 /* CalendarViewController.swift in Sources */,
				61160BCD2372382500A15123 /* MonthHeaderView.swift in Sources */,
				61160BD52374A13300A15123 /* SelectedScheduleCollectionViewCell.swift in Sources */,
				61160BB3237236D800A15123 /* ViewController.swift in Sources */,
				61160BC92372379E00A15123 /* WeekDayCell.swift in Sources */,
				61A7F94C23788FC400B81606 /* CalendarView.swift in Sources */,
				61160BAF237236D800A15123 /* AppDelegate.swift in Sources */,
				61160BD223749C4C00A15123 /* SelectedSchedulesView.swift in Sources */,
				61160BB1237236D800A15123 /* SceneDelegate.swift in Sources */,
				61160BC42372372B00A15123 /* Utils.swift in Sources */,
			);
			runOnlyForDeploymentPostprocessing = 0;
		};
/* End PBXSourcesBuildPhase section */

/* Begin PBXVariantGroup section */
		61160BB4237236D800A15123 /* Main.storyboard */ = {
			isa = PBXVariantGroup;
			children = (
				61160BB5237236D800A15123 /* Base */,
			);
			name = Main.storyboard;
			sourceTree = "<group>";
		};
		61160BB9237236DC00A15123 /* LaunchScreen.storyboard */ = {
			isa = PBXVariantGroup;
			children = (
				61160BBA237236DC00A15123 /* Base */,
			);
			name = LaunchScreen.storyboard;
			sourceTree = "<group>";
		};
/* End PBXVariantGroup section */

/* Begin XCBuildConfiguration section */
		61160BBD237236DC00A15123 /* Debug */ = {
			isa = XCBuildConfiguration;
			buildSettings = {
				ALWAYS_SEARCH_USER_PATHS = NO;
				CLANG_ANALYZER_NONNULL = YES;
				CLANG_ANALYZER_NUMBER_OBJECT_CONVERSION = YES_AGGRESSIVE;
				CLANG_CXX_LANGUAGE_STANDARD = "gnu++14";
				CLANG_CXX_LIBRARY = "libc++";
				CLANG_ENABLE_MODULES = YES;
				CLANG_ENABLE_OBJC_ARC = YES;
				CLANG_ENABLE_OBJC_WEAK = YES;
				CLANG_WARN_BLOCK_CAPTURE_AUTORELEASING = YES;
				CLANG_WARN_BOOL_CONVERSION = YES;
				CLANG_WARN_COMMA = YES;
				CLANG_WARN_CONSTANT_CONVERSION = YES;
				CLANG_WARN_DEPRECATED_OBJC_IMPLEMENTATIONS = YES;
				CLANG_WARN_DIRECT_OBJC_ISA_USAGE = YES_ERROR;
				CLANG_WARN_DOCUMENTATION_COMMENTS = YES;
				CLANG_WARN_EMPTY_BODY = YES;
				CLANG_WARN_ENUM_CONVERSION = YES;
				CLANG_WARN_INFINITE_RECURSION = YES;
				CLANG_WARN_INT_CONVERSION = YES;
				CLANG_WARN_NON_LITERAL_NULL_CONVERSION = YES;
				CLANG_WARN_OBJC_IMPLICIT_RETAIN_SELF = YES;
				CLANG_WARN_OBJC_LITERAL_CONVERSION = YES;
				CLANG_WARN_OBJC_ROOT_CLASS = YES_ERROR;
				CLANG_WARN_RANGE_LOOP_ANALYSIS = YES;
				CLANG_WARN_STRICT_PROTOTYPES = YES;
				CLANG_WARN_SUSPICIOUS_MOVE = YES;
				CLANG_WARN_UNGUARDED_AVAILABILITY = YES_AGGRESSIVE;
				CLANG_WARN_UNREACHABLE_CODE = YES;
				CLANG_WARN__DUPLICATE_METHOD_MATCH = YES;
				COPY_PHASE_STRIP = NO;
				DEBUG_INFORMATION_FORMAT = dwarf;
				ENABLE_STRICT_OBJC_MSGSEND = YES;
				ENABLE_TESTABILITY = YES;
				GCC_C_LANGUAGE_STANDARD = gnu11;
				GCC_DYNAMIC_NO_PIC = NO;
				GCC_NO_COMMON_BLOCKS = YES;
				GCC_OPTIMIZATION_LEVEL = 0;
				GCC_PREPROCESSOR_DEFINITIONS = (
					"DEBUG=1",
					"$(inherited)",
				);
				GCC_WARN_64_TO_32_BIT_CONVERSION = YES;
				GCC_WARN_ABOUT_RETURN_TYPE = YES_ERROR;
				GCC_WARN_UNDECLARED_SELECTOR = YES;
				GCC_WARN_UNINITIALIZED_AUTOS = YES_AGGRESSIVE;
				GCC_WARN_UNUSED_FUNCTION = YES;
				GCC_WARN_UNUSED_VARIABLE = YES;
				IPHONEOS_DEPLOYMENT_TARGET = 13.1;
				MTL_ENABLE_DEBUG_INFO = INCLUDE_SOURCE;
				MTL_FAST_MATH = YES;
				ONLY_ACTIVE_ARCH = YES;
				SDKROOT = iphoneos;
				SWIFT_ACTIVE_COMPILATION_CONDITIONS = DEBUG;
				SWIFT_OPTIMIZATION_LEVEL = "-Onone";
			};
			name = Debug;
		};
		61160BBE237236DC00A15123 /* Release */ = {
			isa = XCBuildConfiguration;
			buildSettings = {
				ALWAYS_SEARCH_USER_PATHS = NO;
				CLANG_ANALYZER_NONNULL = YES;
				CLANG_ANALYZER_NUMBER_OBJECT_CONVERSION = YES_AGGRESSIVE;
				CLANG_CXX_LANGUAGE_STANDARD = "gnu++14";
				CLANG_CXX_LIBRARY = "libc++";
				CLANG_ENABLE_MODULES = YES;
				CLANG_ENABLE_OBJC_ARC = YES;
				CLANG_ENABLE_OBJC_WEAK = YES;
				CLANG_WARN_BLOCK_CAPTURE_AUTORELEASING = YES;
				CLANG_WARN_BOOL_CONVERSION = YES;
				CLANG_WARN_COMMA = YES;
				CLANG_WARN_CONSTANT_CONVERSION = YES;
				CLANG_WARN_DEPRECATED_OBJC_IMPLEMENTATIONS = YES;
				CLANG_WARN_DIRECT_OBJC_ISA_USAGE = YES_ERROR;
				CLANG_WARN_DOCUMENTATION_COMMENTS = YES;
				CLANG_WARN_EMPTY_BODY = YES;
				CLANG_WARN_ENUM_CONVERSION = YES;
				CLANG_WARN_INFINITE_RECURSION = YES;
				CLANG_WARN_INT_CONVERSION = YES;
				CLANG_WARN_NON_LITERAL_NULL_CONVERSION = YES;
				CLANG_WARN_OBJC_IMPLICIT_RETAIN_SELF = YES;
				CLANG_WARN_OBJC_LITERAL_CONVERSION = YES;
				CLANG_WARN_OBJC_ROOT_CLASS = YES_ERROR;
				CLANG_WARN_RANGE_LOOP_ANALYSIS = YES;
				CLANG_WARN_STRICT_PROTOTYPES = YES;
				CLANG_WARN_SUSPICIOUS_MOVE = YES;
				CLANG_WARN_UNGUARDED_AVAILABILITY = YES_AGGRESSIVE;
				CLANG_WARN_UNREACHABLE_CODE = YES;
				CLANG_WARN__DUPLICATE_METHOD_MATCH = YES;
				COPY_PHASE_STRIP = NO;
				DEBUG_INFORMATION_FORMAT = "dwarf-with-dsym";
				ENABLE_NS_ASSERTIONS = NO;
				ENABLE_STRICT_OBJC_MSGSEND = YES;
				GCC_C_LANGUAGE_STANDARD = gnu11;
				GCC_NO_COMMON_BLOCKS = YES;
				GCC_WARN_64_TO_32_BIT_CONVERSION = YES;
				GCC_WARN_ABOUT_RETURN_TYPE = YES_ERROR;
				GCC_WARN_UNDECLARED_SELECTOR = YES;
				GCC_WARN_UNINITIALIZED_AUTOS = YES_AGGRESSIVE;
				GCC_WARN_UNUSED_FUNCTION = YES;
				GCC_WARN_UNUSED_VARIABLE = YES;
				IPHONEOS_DEPLOYMENT_TARGET = 13.1;
				MTL_ENABLE_DEBUG_INFO = NO;
				MTL_FAST_MATH = YES;
				SDKROOT = iphoneos;
				SWIFT_COMPILATION_MODE = wholemodule;
				SWIFT_OPTIMIZATION_LEVEL = "-O";
				VALIDATE_PRODUCT = YES;
			};
			name = Release;
		};
		61160BC0237236DC00A15123 /* Debug */ = {
			isa = XCBuildConfiguration;
			buildSettings = {
				ASSETCATALOG_COMPILER_APPICON_NAME = AppIcon;
				CODE_SIGN_STYLE = Automatic;
				DEVELOPMENT_TEAM = WVDM5TYCMM;
				INFOPLIST_FILE = CalendarComponent/Info.plist;
				LD_RUNPATH_SEARCH_PATHS = (
					"$(inherited)",
					"@executable_path/Frameworks",
				);
				PRODUCT_BUNDLE_IDENTIFIER = com.a7x.CalendarComponent;
				PRODUCT_NAME = "$(TARGET_NAME)";
				SWIFT_VERSION = 5.0;
				TARGETED_DEVICE_FAMILY = "1,2";
			};
			name = Debug;
		};
		61160BC1237236DC00A15123 /* Release */ = {
			isa = XCBuildConfiguration;
			buildSettings = {
				ASSETCATALOG_COMPILER_APPICON_NAME = AppIcon;
				CODE_SIGN_STYLE = Automatic;
				DEVELOPMENT_TEAM = WVDM5TYCMM;
				INFOPLIST_FILE = CalendarComponent/Info.plist;
				LD_RUNPATH_SEARCH_PATHS = (
					"$(inherited)",
					"@executable_path/Frameworks",
				);
				PRODUCT_BUNDLE_IDENTIFIER = com.a7x.CalendarComponent;
				PRODUCT_NAME = "$(TARGET_NAME)";
				SWIFT_VERSION = 5.0;
				TARGETED_DEVICE_FAMILY = "1,2";
			};
			name = Release;
		};
/* End XCBuildConfiguration section */

/* Begin XCConfigurationList section */
		61160BA6237236D800A15123 /* Build configuration list for PBXProject "CalendarComponent" */ = {
			isa = XCConfigurationList;
			buildConfigurations = (
				61160BBD237236DC00A15123 /* Debug */,
				61160BBE237236DC00A15123 /* Release */,
			);
			defaultConfigurationIsVisible = 0;
			defaultConfigurationName = Release;
		};
		61160BBF237236DC00A15123 /* Build configuration list for PBXNativeTarget "CalendarComponent" */ = {
			isa = XCConfigurationList;
			buildConfigurations = (
				61160BC0237236DC00A15123 /* Debug */,
				61160BC1237236DC00A15123 /* Release */,
			);
			defaultConfigurationIsVisible = 0;
			defaultConfigurationName = Release;
		};
/* End XCConfigurationList section */
	};
	rootObject = 61160BA3237236D800A15123 /* Project object */;
}
